// !$*UTF8*$!
{
	archiveVersion = 1;
	classes = {
	};
	objectVersion = 50;
	objects = {

/* Begin PBXBuildFile section */
		6FA5C8C1271B0A730051D9B6 /* YHFlowLayout.swift in Sources */ = {isa = PBXBuildFile; fileRef = 6FA5C8C0271B0A720051D9B6 /* YHFlowLayout.swift */; };
		6FF92334271AF70B004EEB3D /* AppDelegate.swift in Sources */ = {isa = PBXBuildFile; fileRef = 6FF92333271AF70B004EEB3D /* AppDelegate.swift */; };
		6FF92336271AF70B004EEB3D /* SceneDelegate.swift in Sources */ = {isa = PBXBuildFile; fileRef = 6FF92335271AF70B004EEB3D /* SceneDelegate.swift */; };
		6FF92338271AF70B004EEB3D /* ViewController.swift in Sources */ = {isa = PBXBuildFile; fileRef = 6FF92337271AF70B004EEB3D /* ViewController.swift */; };
		6FF9233B271AF70B004EEB3D /* Main.storyboard in Resources */ = {isa = PBXBuildFile; fileRef = 6FF92339271AF70B004EEB3D /* Main.storyboard */; };
		6FF9233D271AF720004EEB3D /* Assets.xcassets in Resources */ = {isa = PBXBuildFile; fileRef = 6FF9233C271AF720004EEB3D /* Assets.xcassets */; };
		6FF92340271AF721004EEB3D /* LaunchScreen.storyboard in Resources */ = {isa = PBXBuildFile; fileRef = 6FF9233E271AF721004EEB3D /* LaunchScreen.storyboard */; };
/* End PBXBuildFile section */

/* Begin PBXFileReference section */
		6FA5C8C0271B0A720051D9B6 /* YHFlowLayout.swift */ = {isa = PBXFileReference; fileEncoding = 4; lastKnownFileType = sourcecode.swift; path = YHFlowLayout.swift; sourceTree = "<group>"; };
		6FF92330271AF70B004EEB3D /* YHMultiSectionFlowLayout.app */ = {isa = PBXFileReference; explicitFileType = wrapper.application; includeInIndex = 0; path = YHMultiSectionFlowLayout.app; sourceTree = BUILT_PRODUCTS_DIR; };
		6FF92333271AF70B004EEB3D /* AppDelegate.swift */ = {isa = PBXFileReference; lastKnownFileType = sourcecode.swift; path = AppDelegate.swift; sourceTree = "<group>"; };
		6FF92335271AF70B004EEB3D /* SceneDelegate.swift */ = {isa = PBXFileReference; lastKnownFileType = sourcecode.swift; path = SceneDelegate.swift; sourceTree = "<group>"; };
		6FF92337271AF70B004EEB3D /* ViewController.swift */ = {isa = PBXFileReference; lastKnownFileType = sourcecode.swift; path = ViewController.swift; sourceTree = "<group>"; };
		6FF9233A271AF70B004EEB3D /* Base */ = {isa = PBXFileReference; lastKnownFileType = file.storyboard; name = Base; path = Base.lproj/Main.storyboard; sourceTree = "<group>"; };
		6FF9233C271AF720004EEB3D /* Assets.xcassets */ = {isa = PBXFileReference; lastKnownFileType = folder.assetcatalog; path = Assets.xcassets; sourceTree = "<group>"; };
		6FF9233F271AF721004EEB3D /* Base */ = {isa = PBXFileReference; lastKnownFileType = file.storyboard; name = Base; path = Base.lproj/LaunchScreen.storyboard; sourceTree = "<group>"; };
		6FF92341271AF721004EEB3D /* Info.plist */ = {isa = PBXFileReference; lastKnownFileType = text.plist.xml; path = Info.plist; sourceTree = "<group>"; };
/* End PBXFileReference section */

/* Begin PBXFrameworksBuildPhase section */
		6FF9232D271AF70B004EEB3D /* Frameworks */ = {
			isa = PBXFrameworksBuildPhase;
			buildActionMask = 2147483647;
			files = (
			);
			runOnlyForDeploymentPostprocessing = 0;
		};
/* End PBXFrameworksBuildPhase section */

/* Begin PBXGroup section */
		6FF92327271AF70B004EEB3D = {
			isa = PBXGroup;
			children = (
				6FF92332271AF70B004EEB3D /* YHMultiSectionFlowLayout */,
				6FF92331271AF70B004EEB3D /* Products */,
			);
			sourceTree = "<group>";
		};
		6FF92331271AF70B004EEB3D /* Products */ = {
			isa = PBXGroup;
			children = (
				6FF92330271AF70B004EEB3D /* YHMultiSectionFlowLayout.app */,
			);
			name = Products;
			sourceTree = "<group>";
		};
		6FF92332271AF70B004EEB3D /* YHMultiSectionFlowLayout */ = {
			isa = PBXGroup;
			children = (
				6FA5C8C0271B0A720051D9B6 /* YHFlowLayout.swift */,
				6FF92333271AF70B004EEB3D /* AppDelegate.swift */,
				6FF92335271AF70B004EEB3D /* SceneDelegate.swift */,
				6FF92337271AF70B004EEB3D /* ViewController.swift */,
				6FF92339271AF70B004EEB3D /* Main.storyboard */,
				6FF9233C271AF720004EEB3D /* Assets.xcassets */,
				6FF9233E271AF721004EEB3D /* LaunchScreen.storyboard */,
				6FF92341271AF721004EEB3D /* Info.plist */,
			);
			path = YHMultiSectionFlowLayout;
			sourceTree = "<group>";
		};
/* End PBXGroup section */

/* Begin PBXNativeTarget section */
		6FF9232F271AF70B004EEB3D /* YHMultiSectionFlowLayout */ = {
			isa = PBXNativeTarget;
			buildConfigurationList = 6FF92344271AF721004EEB3D /* Build configuration list for PBXNativeTarget "YHMultiSectionFlowLayout" */;
			buildPhases = (
				6FF9232C271AF70B004EEB3D /* Sources */,
				6FF9232D271AF70B004EEB3D /* Frameworks */,
				6FF9232E271AF70B004EEB3D /* Resources */,
			);
			buildRules = (
			);
			dependencies = (
			);
			name = YHMultiSectionFlowLayout;
			productName = YHMultiSectionFlowLayout;
			productReference = 6FF92330271AF70B004EEB3D /* YHMultiSectionFlowLayout.app */;
			productType = "com.apple.product-type.application";
		};
/* End PBXNativeTarget section */

/* Begin PBXProject section */
		6FF92328271AF70B004EEB3D /* Project object */ = {
			isa = PBXProject;
			attributes = {
				LastSwiftUpdateCheck = 1240;
				LastUpgradeCheck = 1240;
				TargetAttributes = {
					6FF9232F271AF70B004EEB3D = {
						CreatedOnToolsVersion = 12.4;
					};
				};
			};
			buildConfigurationList = 6FF9232B271AF70B004EEB3D /* Build configuration list for PBXProject "YHMultiSectionFlowLayout" */;
			compatibilityVersion = "Xcode 9.3";
			developmentRegion = en;
			hasScannedForEncodings = 0;
			knownRegions = (
				en,
				Base,
			);
			mainGroup = 6FF92327271AF70B004EEB3D;
			productRefGroup = 6FF92331271AF70B004EEB3D /* Products */;
			projectDirPath = "";
			projectRoot = "";
			targets = (
				6FF9232F271AF70B004EEB3D /* YHMultiSectionFlowLayout */,
			);
		};
/* End PBXProject section */

/* Begin PBXResourcesBuildPhase section */
		6FF9232E271AF70B004EEB3D /* Resources */ = {
			isa = PBXResourcesBuildPhase;
			buildActionMask = 2147483647;
			files = (
				6FF92340271AF721004EEB3D /* LaunchScreen.storyboard in Resources */,
				6FF9233D271AF720004EEB3D /* Assets.xcassets in Resources */,
				6FF9233B271AF70B004EEB3D /* Main.storyboard in Resources */,
			);
			runOnlyForDeploymentPostprocessing = 0;
		};
/* End PBXResourcesBuildPhase section */

/* Begin PBXSourcesBuildPhase section */
		6FF9232C271AF70B004EEB3D /* Sources */ = {
			isa = PBXSourcesBuildPhase;
			buildActionMask = 2147483647;
			files = (
				6FA5C8C1271B0A730051D9B6 /* YHFlowLayout.swift in Sources */,
				6FF92338271AF70B004EEB3D /* ViewController.swift in Sources */,
				6FF92334271AF70B004EEB3D /* AppDelegate.swift in Sources */,
				6FF92336271AF70B004EEB3D /* SceneDelegate.swift in Sources */,
			);
			runOnlyForDeploymentPostprocessing = 0;
		};
/* End PBXSourcesBuildPhase section */

/* Begin PBXVariantGroup section */
		6FF92339271AF70B004EEB3D /* Main.storyboard */ = {
			isa = PBXVariantGroup;
			children = (
				6FF9233A271AF70B004EEB3D /* Base */,
			);
			name = Main.storyboard;
			sourceTree = "<group>";
		};
		6FF9233E271AF721004EEB3D /* LaunchScreen.storyboard */ = {
			isa = PBXVariantGroup;
			children = (
				6FF9233F271AF721004EEB3D /* Base */,
			);
			name = LaunchScreen.storyboard;
			sourceTree = "<group>";
		};
/* End PBXVariantGroup section */

/* Begin XCBuildConfiguration section */
		6FF92342271AF721004EEB3D /* Debug */ = {
			isa = XCBuildConfiguration;
			buildSettings = {
				ALWAYS_SEARCH_USER_PATHS = NO;
				CLANG_ANALYZER_NONNULL = YES;
				CLANG_ANALYZER_NUMBER_OBJECT_CONVERSION = YES_AGGRESSIVE;
				CLANG_CXX_LANGUAGE_STANDARD = "gnu++14";
				CLANG_CXX_LIBRARY = "libc++";
				CLANG_ENABLE_MODULES = YES;
				CLANG_ENABLE_OBJC_ARC = YES;
				CLANG_ENABLE_OBJC_WEAK = YES;
				CLANG_WARN_BLOCK_CAPTURE_AUTORELEASING = YES;
				CLANG_WARN_BOOL_CONVERSION = YES;
				CLANG_WARN_COMMA = YES;
				CLANG_WARN_CONSTANT_CONVERSION = YES;
				CLANG_WARN_DEPRECATED_OBJC_IMPLEMENTATIONS = YES;
				CLANG_WARN_DIRECT_OBJC_ISA_USAGE = YES_ERROR;
				CLANG_WARN_DOCUMENTATION_COMMENTS = YES;
				CLANG_WARN_EMPTY_BODY = YES;
				CLANG_WARN_ENUM_CONVERSION = YES;
				CLANG_WARN_INFINITE_RECURSION = YES;
				CLANG_WARN_INT_CONVERSION = YES;
				CLANG_WARN_NON_LITERAL_NULL_CONVERSION = YES;
				CLANG_WARN_OBJC_IMPLICIT_RETAIN_SELF = YES;
				CLANG_WARN_OBJC_LITERAL_CONVERSION = YES;
				CLANG_WARN_OBJC_ROOT_CLASS = YES_ERROR;
				CLANG_WARN_QUOTED_INCLUDE_IN_FRAMEWORK_HEADER = YES;
				CLANG_WARN_RANGE_LOOP_ANALYSIS = YES;
				CLANG_WARN_STRICT_PROTOTYPES = YES;
				CLANG_WARN_SUSPICIOUS_MOVE = YES;
				CLANG_WARN_UNGUARDED_AVAILABILITY = YES_AGGRESSIVE;
				CLANG_WARN_UNREACHABLE_CODE = YES;
				CLANG_WARN__DUPLICATE_METHOD_MATCH = YES;
				COPY_PHASE_STRIP = NO;
				DEBUG_INFORMATION_FORMAT = dwarf;
				ENABLE_STRICT_OBJC_MSGSEND = YES;
				ENABLE_TESTABILITY = YES;
				GCC_C_LANGUAGE_STANDARD = gnu11;
				GCC_DYNAMIC_NO_PIC = NO;
				GCC_NO_COMMON_BLOCKS = YES;
				GCC_OPTIMIZATION_LEVEL = 0;
				GCC_PREPROCESSOR_DEFINITIONS = (
					"DEBUG=1",
					"$(inherited)",
				);
				GCC_WARN_64_TO_32_BIT_CONVERSION = YES;
				GCC_WARN_ABOUT_RETURN_TYPE = YES_ERROR;
				GCC_WARN_UNDECLARED_SELECTOR = YES;
				GCC_WARN_UNINITIALIZED_AUTOS = YES_AGGRESSIVE;
				GCC_WARN_UNUSED_FUNCTION = YES;
				GCC_WARN_UNUSED_VARIABLE = YES;
				IPHONEOS_DEPLOYMENT_TARGET = 14.4;
				MTL_ENABLE_DEBUG_INFO = INCLUDE_SOURCE;
				MTL_FAST_MATH = YES;
				ONLY_ACTIVE_ARCH = YES;
				SDKROOT = iphoneos;
				SWIFT_ACTIVE_COMPILATION_CONDITIONS = DEBUG;
				SWIFT_OPTIMIZATION_LEVEL = "-Onone";
			};
			name = Debug;
		};
		6FF92343271AF721004EEB3D /* Release */ = {
			isa = XCBuildConfiguration;
			buildSettings = {
				ALWAYS_SEARCH_USER_PATHS = NO;
				CLANG_ANALYZER_NONNULL = YES;
				CLANG_ANALYZER_NUMBER_OBJECT_CONVERSION = YES_AGGRESSIVE;
				CLANG_CXX_LANGUAGE_STANDARD = "gnu++14";
				CLANG_CXX_LIBRARY = "libc++";
				CLANG_ENABLE_MODULES = YES;
				CLANG_ENABLE_OBJC_ARC = YES;
				CLANG_ENABLE_OBJC_WEAK = YES;
				CLANG_WARN_BLOCK_CAPTURE_AUTORELEASING = YES;
				CLANG_WARN_BOOL_CONVERSION = YES;
				CLANG_WARN_COMMA = YES;
				CLANG_WARN_CONSTANT_CONVERSION = YES;
				CLANG_WARN_DEPRECATED_OBJC_IMPLEMENTATIONS = YES;
				CLANG_WARN_DIRECT_OBJC_ISA_USAGE = YES_ERROR;
				CLANG_WARN_DOCUMENTATION_COMMENTS = YES;
				CLANG_WARN_EMPTY_BODY = YES;
				CLANG_WARN_ENUM_CONVERSION = YES;
				CLANG_WARN_INFINITE_RECURSION = YES;
				CLANG_WARN_INT_CONVERSION = YES;
				CLANG_WARN_NON_LITERAL_NULL_CONVERSION = YES;
				CLANG_WARN_OBJC_IMPLICIT_RETAIN_SELF = YES;
				CLANG_WARN_OBJC_LITERAL_CONVERSION = YES;
				CLANG_WARN_OBJC_ROOT_CLASS = YES_ERROR;
				CLANG_WARN_QUOTED_INCLUDE_IN_FRAMEWORK_HEADER = YES;
				CLANG_WARN_RANGE_LOOP_ANALYSIS = YES;
				CLANG_WARN_STRICT_PROTOTYPES = YES;
				CLANG_WARN_SUSPICIOUS_MOVE = YES;
				CLANG_WARN_UNGUARDED_AVAILABILITY = YES_AGGRESSIVE;
				CLANG_WARN_UNREACHABLE_CODE = YES;
				CLANG_WARN__DUPLICATE_METHOD_MATCH = YES;
				COPY_PHASE_STRIP = NO;
				DEBUG_INFORMATION_FORMAT = "dwarf-with-dsym";
				ENABLE_NS_ASSERTIONS = NO;
				ENABLE_STRICT_OBJC_MSGSEND = YES;
				GCC_C_LANGUAGE_STANDARD = gnu11;
				GCC_NO_COMMON_BLOCKS = YES;
				GCC_WARN_64_TO_32_BIT_CONVERSION = YES;
				GCC_WARN_ABOUT_RETURN_TYPE = YES_ERROR;
				GCC_WARN_UNDECLARED_SELECTOR = YES;
				GCC_WARN_UNINITIALIZED_AUTOS = YES_AGGRESSIVE;
				GCC_WARN_UNUSED_FUNCTION = YES;
				GCC_WARN_UNUSED_VARIABLE = YES;
				IPHONEOS_DEPLOYMENT_TARGET = 14.4;
				MTL_ENABLE_DEBUG_INFO = NO;
				MTL_FAST_MATH = YES;
				SDKROOT = iphoneos;
				SWIFT_COMPILATION_MODE = wholemodule;
				SWIFT_OPTIMIZATION_LEVEL = "-O";
				VALIDATE_PRODUCT = YES;
			};
			name = Release;
		};
		6FF92345271AF721004EEB3D /* Debug */ = {
			isa = XCBuildConfiguration;
			buildSettings = {
				ASSETCATALOG_COMPILER_APPICON_NAME = AppIcon;
				ASSETCATALOG_COMPILER_GLOBAL_ACCENT_COLOR_NAME = AccentColor;
				CODE_SIGN_STYLE = Automatic;
				DEVELOPMENT_TEAM = 7EZ23W2MEV;
				INFOPLIST_FILE = YHMultiSectionFlowLayout/Info.plist;
				LD_RUNPATH_SEARCH_PATHS = (
					"$(inherited)",
					"@executable_path/Frameworks",
				);
				PRODUCT_BUNDLE_IDENTIFIER = young.YHMultiSectionFlowLayout;
				PRODUCT_NAME = "$(TARGET_NAME)";
				SWIFT_VERSION = 5.0;
				TARGETED_DEVICE_FAMILY = "1,2";
			};
			name = Debug;
		};
		6FF92346271AF721004EEB3D /* Release */ = {
			isa = XCBuildConfiguration;
			buildSettings = {
				ASSETCATALOG_COMPILER_APPICON_NAME = AppIcon;
				ASSETCATALOG_COMPILER_GLOBAL_ACCENT_COLOR_NAME = AccentColor;
				CODE_SIGN_STYLE = Automatic;
				DEVELOPMENT_TEAM = 7EZ23W2MEV;
				INFOPLIST_FILE = YHMultiSectionFlowLayout/Info.plist;
				LD_RUNPATH_SEARCH_PATHS = (
					"$(inherited)",
					"@executable_path/Frameworks",
				);
				PRODUCT_BUNDLE_IDENTIFIER = young.YHMultiSectionFlowLayout;
				PRODUCT_NAME = "$(TARGET_NAME)";
				SWIFT_VERSION = 5.0;
				TARGETED_DEVICE_FAMILY = "1,2";
			};
			name = Release;
		};
/* End XCBuildConfiguration section */

/* Begin XCConfigurationList section */
		6FF9232B271AF70B004EEB3D /* Build configuration list for PBXProject "YHMultiSectionFlowLayout" */ = {
			isa = XCConfigurationList;
			buildConfigurations = (
				6FF92342271AF721004EEB3D /* Debug */,
				6FF92343271AF721004EEB3D /* Release */,
			);
			defaultConfigurationIsVisible = 0;
			defaultConfigurationName = Release;
		};
		6FF92344271AF721004EEB3D /* Build configuration list for PBXNativeTarget "YHMultiSectionFlowLayout" */ = {
			isa = XCConfigurationList;
			buildConfigurations = (
				6FF92345271AF721004EEB3D /* Debug */,
				6FF92346271AF721004EEB3D /* Release */,
			);
			defaultConfigurationIsVisible = 0;
			defaultConfigurationName = Release;
		};
/* End XCConfigurationList section */
	};
	rootObject = 6FF92328271AF70B004EEB3D /* Project object */;
}
